
Microsoft Visual Studio Solution File, Format Version 12.00
# Visual Studio 15
VisualStudioVersion = 15.0.27703.2026
MinimumVisualStudioVersion = 10.0.40219.1
Project("{FAE04EC0-301F-11D3-BF4B-00C04F79EFBC}") = "WordsCombine", "WordsCombine\WordsCombine.csproj", "{DF013C19-8EB6-48F5-8529-340D00CD8769}"
EndProject
Global
	GlobalSection(SolutionConfigurationPlatforms) = preSolution
		Debug|Any CPU = Debug|Any CPU
		Release|Any CPU = Release|Any CPU
	EndGlobalSection
	GlobalSection(ProjectConfigurationPlatforms) = postSolution
		{DF013C19-8EB6-48F5-8529-340D00CD8769}.Debug|Any CPU.ActiveCfg = Debug|Any CPU
		{DF013C19-8EB6-48F5-8529-340D00CD8769}.Debug|Any CPU.Build.0 = Debug|Any CPU
		{DF013C19-8EB6-48F5-8529-340D00CD8769}.Release|Any CPU.ActiveCfg = Release|Any CPU
		{DF013C19-8EB6-48F5-8529-340D00CD8769}.Release|Any CPU.Build.0 = Release|Any CPU
	EndGlobalSection
	GlobalSection(SolutionProperties) = preSolution
		HideSolutionNode = FALSE
	EndGlobalSection
	GlobalSection(ExtensibilityGlobals) = postSolution
		SolutionGuid = {BDA3DD5D-DBA2-40A9-BD16-05F7FF7E0033}
	EndGlobalSection
EndGlobal
